// !$*UTF8*$!
{
	archiveVersion = 1;
	classes = {
	};
	objectVersion = 56;
	objects = {

/* Begin PBXBuildFile section */
		D460B9DE2B325A4C0002BFA4 /* LittleLemonFinalApp.swift in Sources */ = {isa = PBXBuildFile; fileRef = D460B9DD2B325A4C0002BFA4 /* LittleLemonFinalApp.swift */; };
		D460B9E22B325A4E0002BFA4 /* Assets.xcassets in Resources */ = {isa = PBXBuildFile; fileRef = D460B9E12B325A4E0002BFA4 /* Assets.xcassets */; };
		D460B9E52B325A4E0002BFA4 /* Preview Assets.xcassets in Resources */ = {isa = PBXBuildFile; fileRef = D460B9E42B325A4E0002BFA4 /* Preview Assets.xcassets */; };
		D460B9E72B325A4E0002BFA4 /* Persistence.swift in Sources */ = {isa = PBXBuildFile; fileRef = D460B9E62B325A4E0002BFA4 /* Persistence.swift */; };
		D460B9EA2B325A4E0002BFA4 /* LittleLemonFinal.xcdatamodeld in Sources */ = {isa = PBXBuildFile; fileRef = D460B9E82B325A4E0002BFA4 /* LittleLemonFinal.xcdatamodeld */; };
		D460B9F52B325CE20002BFA4 /* Onboarding.swift in Sources */ = {isa = PBXBuildFile; fileRef = D460B9F42B325CE20002BFA4 /* Onboarding.swift */; };
		D460BA042B3261850002BFA4 /* MenuItemsView.swift in Sources */ = {isa = PBXBuildFile; fileRef = D460BA032B3261850002BFA4 /* MenuItemsView.swift */; };
		D460BA062B32618D0002BFA4 /* MenuItemGroup.swift in Sources */ = {isa = PBXBuildFile; fileRef = D460BA052B32618D0002BFA4 /* MenuItemGroup.swift */; };
		D460BA082B3261B20002BFA4 /* MenuItemDetailsView.swift in Sources */ = {isa = PBXBuildFile; fileRef = D460BA072B3261B20002BFA4 /* MenuItemDetailsView.swift */; };
		D460BA0A2B3261CE0002BFA4 /* MenuItemsOptionView.swift in Sources */ = {isa = PBXBuildFile; fileRef = D460BA092B3261CE0002BFA4 /* MenuItemsOptionView.swift */; };
		D460BA0D2B3262070002BFA4 /* Home.swift in Sources */ = {isa = PBXBuildFile; fileRef = D460BA0C2B3262070002BFA4 /* Home.swift */; };
		D460BA122B3262320002BFA4 /* MenuFilters.swift in Sources */ = {isa = PBXBuildFile; fileRef = D460BA0E2B3262320002BFA4 /* MenuFilters.swift */; };
		D460BA132B3262320002BFA4 /* Ingredient.swift in Sources */ = {isa = PBXBuildFile; fileRef = D460BA0F2B3262320002BFA4 /* Ingredient.swift */; };
		D460BA142B3262320002BFA4 /* MenuItem.swift in Sources */ = {isa = PBXBuildFile; fileRef = D460BA102B3262320002BFA4 /* MenuItem.swift */; };
		D460BA152B3262320002BFA4 /* MenuCategory.swift in Sources */ = {isa = PBXBuildFile; fileRef = D460BA112B3262320002BFA4 /* MenuCategory.swift */; };
		D460BA182B3263BC0002BFA4 /* Menu.swift in Sources */ = {isa = PBXBuildFile; fileRef = D460BA172B3263BC0002BFA4 /* Menu.swift */; };
		D460BA1A2B32642A0002BFA4 /* HeroSection.swift in Sources */ = {isa = PBXBuildFile; fileRef = D460BA192B32642A0002BFA4 /* HeroSection.swift */; };
		D460BA1C2B3264380002BFA4 /* MenuSelector.swift in Sources */ = {isa = PBXBuildFile; fileRef = D460BA1B2B3264380002BFA4 /* MenuSelector.swift */; };
		D460BA1E2B3264490002BFA4 /* MenuItemList.swift in Sources */ = {isa = PBXBuildFile; fileRef = D460BA1D2B3264490002BFA4 /* MenuItemList.swift */; };
/* End PBXBuildFile section */

/* Begin PBXFileReference section */
		D460B9DA2B325A4C0002BFA4 /* LittleLemonFinal.app */ = {isa = PBXFileReference; explicitFileType = wrapper.application; includeInIndex = 0; path = LittleLemonFinal.app; sourceTree = BUILT_PRODUCTS_DIR; };
		D460B9DD2B325A4C0002BFA4 /* LittleLemonFinalApp.swift */ = {isa = PBXFileReference; lastKnownFileType = sourcecode.swift; path = LittleLemonFinalApp.swift; sourceTree = "<group>"; };
		D460B9E12B325A4E0002BFA4 /* Assets.xcassets */ = {isa = PBXFileReference; lastKnownFileType = folder.assetcatalog; path = Assets.xcassets; sourceTree = "<group>"; };
		D460B9E42B325A4E0002BFA4 /* Preview Assets.xcassets */ = {isa = PBXFileReference; lastKnownFileType = folder.assetcatalog; path = "Preview Assets.xcassets"; sourceTree = "<group>"; };
		D460B9E62B325A4E0002BFA4 /* Persistence.swift */ = {isa = PBXFileReference; lastKnownFileType = sourcecode.swift; path = Persistence.swift; sourceTree = "<group>"; };
		D460B9E92B325A4E0002BFA4 /* LittleLemonFinal.xcdatamodel */ = {isa = PBXFileReference; lastKnownFileType = wrapper.xcdatamodel; path = LittleLemonFinal.xcdatamodel; sourceTree = "<group>"; };
		D460B9F02B325AB80002BFA4 /* README.md */ = {isa = PBXFileReference; lastKnownFileType = net.daringfireball.markdown; path = README.md; sourceTree = "<group>"; };
		D460B9F42B325CE20002BFA4 /* Onboarding.swift */ = {isa = PBXFileReference; lastKnownFileType = sourcecode.swift; path = Onboarding.swift; sourceTree = "<group>"; };
		D460BA032B3261850002BFA4 /* MenuItemsView.swift */ = {isa = PBXFileReference; lastKnownFileType = sourcecode.swift; path = MenuItemsView.swift; sourceTree = "<group>"; };
		D460BA052B32618D0002BFA4 /* MenuItemGroup.swift */ = {isa = PBXFileReference; lastKnownFileType = sourcecode.swift; path = MenuItemGroup.swift; sourceTree = "<group>"; };
		D460BA072B3261B20002BFA4 /* MenuItemDetailsView.swift */ = {isa = PBXFileReference; lastKnownFileType = sourcecode.swift; path = MenuItemDetailsView.swift; sourceTree = "<group>"; };
		D460BA092B3261CE0002BFA4 /* MenuItemsOptionView.swift */ = {isa = PBXFileReference; lastKnownFileType = sourcecode.swift; path = MenuItemsOptionView.swift; sourceTree = "<group>"; };
		D460BA0C2B3262070002BFA4 /* Home.swift */ = {isa = PBXFileReference; lastKnownFileType = sourcecode.swift; path = Home.swift; sourceTree = "<group>"; };
		D460BA0E2B3262320002BFA4 /* MenuFilters.swift */ = {isa = PBXFileReference; fileEncoding = 4; lastKnownFileType = sourcecode.swift; path = MenuFilters.swift; sourceTree = "<group>"; };
		D460BA0F2B3262320002BFA4 /* Ingredient.swift */ = {isa = PBXFileReference; fileEncoding = 4; lastKnownFileType = sourcecode.swift; path = Ingredient.swift; sourceTree = "<group>"; };
		D460BA102B3262320002BFA4 /* MenuItem.swift */ = {isa = PBXFileReference; fileEncoding = 4; lastKnownFileType = sourcecode.swift; path = MenuItem.swift; sourceTree = "<group>"; };
		D460BA112B3262320002BFA4 /* MenuCategory.swift */ = {isa = PBXFileReference; fileEncoding = 4; lastKnownFileType = sourcecode.swift; path = MenuCategory.swift; sourceTree = "<group>"; };
		D460BA172B3263BC0002BFA4 /* Menu.swift */ = {isa = PBXFileReference; lastKnownFileType = sourcecode.swift; path = Menu.swift; sourceTree = "<group>"; };
		D460BA192B32642A0002BFA4 /* HeroSection.swift */ = {isa = PBXFileReference; lastKnownFileType = sourcecode.swift; path = HeroSection.swift; sourceTree = "<group>"; };
		D460BA1B2B3264380002BFA4 /* MenuSelector.swift */ = {isa = PBXFileReference; lastKnownFileType = sourcecode.swift; path = MenuSelector.swift; sourceTree = "<group>"; };
		D460BA1D2B3264490002BFA4 /* MenuItemList.swift */ = {isa = PBXFileReference; lastKnownFileType = sourcecode.swift; path = MenuItemList.swift; sourceTree = "<group>"; };
/* End PBXFileReference section */

/* Begin PBXFrameworksBuildPhase section */
		D460B9D72B325A4C0002BFA4 /* Frameworks */ = {
			isa = PBXFrameworksBuildPhase;
			buildActionMask = 2147483647;
			files = (
			);
			runOnlyForDeploymentPostprocessing = 0;
		};
/* End PBXFrameworksBuildPhase section */

/* Begin PBXGroup section */
		D460B9D12B325A4C0002BFA4 = {
			isa = PBXGroup;
			children = (
				D460B9F02B325AB80002BFA4 /* README.md */,
				D460B9DC2B325A4C0002BFA4 /* LittleLemonFinal */,
				D460B9DB2B325A4C0002BFA4 /* Products */,
			);
			sourceTree = "<group>";
		};
		D460B9DB2B325A4C0002BFA4 /* Products */ = {
			isa = PBXGroup;
			children = (
				D460B9DA2B325A4C0002BFA4 /* LittleLemonFinal.app */,
			);
			name = Products;
			sourceTree = "<group>";
		};
		D460B9DC2B325A4C0002BFA4 /* LittleLemonFinal */ = {
			isa = PBXGroup;
			children = (
				D460B9F22B325CC90002BFA4 /* views */,
				D460B9F12B325CC30002BFA4 /* data */,
				D460B9DD2B325A4C0002BFA4 /* LittleLemonFinalApp.swift */,
				D460B9E12B325A4E0002BFA4 /* Assets.xcassets */,
				D460B9E82B325A4E0002BFA4 /* LittleLemonFinal.xcdatamodeld */,
				D460B9E32B325A4E0002BFA4 /* Preview Content */,
			);
			path = LittleLemonFinal;
			sourceTree = "<group>";
		};
		D460B9E32B325A4E0002BFA4 /* Preview Content */ = {
			isa = PBXGroup;
			children = (
				D460B9E42B325A4E0002BFA4 /* Preview Assets.xcassets */,
			);
			path = "Preview Content";
			sourceTree = "<group>";
		};
		D460B9F12B325CC30002BFA4 /* data */ = {
			isa = PBXGroup;
			children = (
				D460BA0F2B3262320002BFA4 /* Ingredient.swift */,
				D460BA112B3262320002BFA4 /* MenuCategory.swift */,
				D460BA0E2B3262320002BFA4 /* MenuFilters.swift */,
				D460BA102B3262320002BFA4 /* MenuItem.swift */,
				D460B9E62B325A4E0002BFA4 /* Persistence.swift */,
			);
			path = data;
			sourceTree = "<group>";
		};
		D460B9F22B325CC90002BFA4 /* views */ = {
			isa = PBXGroup;
			children = (
				D460BA1F2B3268820002BFA4 /* UserProfile */,
				D460BA0B2B3261F70002BFA4 /* Home */,
				D460B9F32B325CD00002BFA4 /* Onboarding */,
			);
			path = views;
			sourceTree = "<group>";
		};
		D460B9F32B325CD00002BFA4 /* Onboarding */ = {
			isa = PBXGroup;
			children = (
				D460B9F42B325CE20002BFA4 /* Onboarding.swift */,
			);
			path = Onboarding;
			sourceTree = "<group>";
		};
		D460BA002B32614D0002BFA4 /* MenuItemsOptionView */ = {
			isa = PBXGroup;
			children = (
				D460BA092B3261CE0002BFA4 /* MenuItemsOptionView.swift */,
			);
			path = MenuItemsOptionView;
			sourceTree = "<group>";
		};
		D460BA012B3261640002BFA4 /* MenuItemDetailsView */ = {
			isa = PBXGroup;
			children = (
				D460BA072B3261B20002BFA4 /* MenuItemDetailsView.swift */,
			);
			path = MenuItemDetailsView;
			sourceTree = "<group>";
		};
		D460BA022B32616C0002BFA4 /* MenuItemsView */ = {
			isa = PBXGroup;
			children = (
				D460BA032B3261850002BFA4 /* MenuItemsView.swift */,
				D460BA052B32618D0002BFA4 /* MenuItemGroup.swift */,
			);
			path = MenuItemsView;
			sourceTree = "<group>";
		};
		D460BA0B2B3261F70002BFA4 /* Home */ = {
			isa = PBXGroup;
			children = (
				D460BA162B3263B30002BFA4 /* Menu */,
				D460BA0C2B3262070002BFA4 /* Home.swift */,
				D460BA022B32616C0002BFA4 /* MenuItemsView */,
				D460BA012B3261640002BFA4 /* MenuItemDetailsView */,
				D460BA002B32614D0002BFA4 /* MenuItemsOptionView */,
			);
			path = Home;
			sourceTree = "<group>";
		};
		D460BA162B3263B30002BFA4 /* Menu */ = {
			isa = PBXGroup;
			children = (
				D460BA172B3263BC0002BFA4 /* Menu.swift */,
				D460BA192B32642A0002BFA4 /* HeroSection.swift */,
				D460BA1B2B3264380002BFA4 /* MenuSelector.swift */,
				D460BA1D2B3264490002BFA4 /* MenuItemList.swift */,
			);
			path = Menu;
			sourceTree = "<group>";
		};
		D460BA1F2B3268820002BFA4 /* UserProfile */ = {
			isa = PBXGroup;
			children = (
			);
			path = UserProfile;
			sourceTree = "<group>";
		};
/* End PBXGroup section */

/* Begin PBXNativeTarget section */
		D460B9D92B325A4C0002BFA4 /* LittleLemonFinal */ = {
			isa = PBXNativeTarget;
			buildConfigurationList = D460B9ED2B325A4E0002BFA4 /* Build configuration list for PBXNativeTarget "LittleLemonFinal" */;
			buildPhases = (
				D460B9D62B325A4C0002BFA4 /* Sources */,
				D460B9D72B325A4C0002BFA4 /* Frameworks */,
				D460B9D82B325A4C0002BFA4 /* Resources */,
			);
			buildRules = (
			);
			dependencies = (
			);
			name = LittleLemonFinal;
			productName = LittleLemonFinal;
			productReference = D460B9DA2B325A4C0002BFA4 /* LittleLemonFinal.app */;
			productType = "com.apple.product-type.application";
		};
/* End PBXNativeTarget section */

/* Begin PBXProject section */
		D460B9D22B325A4C0002BFA4 /* Project object */ = {
			isa = PBXProject;
			attributes = {
				BuildIndependentTargetsInParallel = 1;
				LastSwiftUpdateCheck = 1510;
				LastUpgradeCheck = 1510;
				TargetAttributes = {
					D460B9D92B325A4C0002BFA4 = {
						CreatedOnToolsVersion = 15.1;
					};
				};
			};
			buildConfigurationList = D460B9D52B325A4C0002BFA4 /* Build configuration list for PBXProject "LittleLemonFinal" */;
			compatibilityVersion = "Xcode 14.0";
			developmentRegion = en;
			hasScannedForEncodings = 0;
			knownRegions = (
				en,
				Base,
			);
			mainGroup = D460B9D12B325A4C0002BFA4;
			productRefGroup = D460B9DB2B325A4C0002BFA4 /* Products */;
			projectDirPath = "";
			projectRoot = "";
			targets = (
				D460B9D92B325A4C0002BFA4 /* LittleLemonFinal */,
			);
		};
/* End PBXProject section */

/* Begin PBXResourcesBuildPhase section */
		D460B9D82B325A4C0002BFA4 /* Resources */ = {
			isa = PBXResourcesBuildPhase;
			buildActionMask = 2147483647;
			files = (
				D460B9E52B325A4E0002BFA4 /* Preview Assets.xcassets in Resources */,
				D460B9E22B325A4E0002BFA4 /* Assets.xcassets in Resources */,
			);
			runOnlyForDeploymentPostprocessing = 0;
		};
/* End PBXResourcesBuildPhase section */

/* Begin PBXSourcesBuildPhase section */
		D460B9D62B325A4C0002BFA4 /* Sources */ = {
			isa = PBXSourcesBuildPhase;
			buildActionMask = 2147483647;
			files = (
				D460BA082B3261B20002BFA4 /* MenuItemDetailsView.swift in Sources */,
				D460B9EA2B325A4E0002BFA4 /* LittleLemonFinal.xcdatamodeld in Sources */,
				D460BA182B3263BC0002BFA4 /* Menu.swift in Sources */,
				D460BA1C2B3264380002BFA4 /* MenuSelector.swift in Sources */,
				D460B9E72B325A4E0002BFA4 /* Persistence.swift in Sources */,
				D460B9DE2B325A4C0002BFA4 /* LittleLemonFinalApp.swift in Sources */,
				D460BA122B3262320002BFA4 /* MenuFilters.swift in Sources */,
				D460BA042B3261850002BFA4 /* MenuItemsView.swift in Sources */,
				D460BA1A2B32642A0002BFA4 /* HeroSection.swift in Sources */,
				D460B9F52B325CE20002BFA4 /* Onboarding.swift in Sources */,
				D460BA0D2B3262070002BFA4 /* Home.swift in Sources */,
				D460BA1E2B3264490002BFA4 /* MenuItemList.swift in Sources */,
				D460BA062B32618D0002BFA4 /* MenuItemGroup.swift in Sources */,
				D460BA142B3262320002BFA4 /* MenuItem.swift in Sources */,
				D460BA0A2B3261CE0002BFA4 /* MenuItemsOptionView.swift in Sources */,
				D460BA132B3262320002BFA4 /* Ingredient.swift in Sources */,
				D460BA152B3262320002BFA4 /* MenuCategory.swift in Sources */,
			);
			runOnlyForDeploymentPostprocessing = 0;
		};
/* End PBXSourcesBuildPhase section */

/* Begin XCBuildConfiguration section */
		D460B9EB2B325A4E0002BFA4 /* Debug */ = {
			isa = XCBuildConfiguration;
			buildSettings = {
				ALWAYS_SEARCH_USER_PATHS = NO;
				ASSETCATALOG_COMPILER_GENERATE_SWIFT_ASSET_SYMBOL_EXTENSIONS = YES;
				CLANG_ANALYZER_NONNULL = YES;
				CLANG_ANALYZER_NUMBER_OBJECT_CONVERSION = YES_AGGRESSIVE;
				CLANG_CXX_LANGUAGE_STANDARD = "gnu++20";
				CLANG_ENABLE_MODULES = YES;
				CLANG_ENABLE_OBJC_ARC = YES;
				CLANG_ENABLE_OBJC_WEAK = YES;
				CLANG_WARN_BLOCK_CAPTURE_AUTORELEASING = YES;
				CLANG_WARN_BOOL_CONVERSION = YES;
				CLANG_WARN_COMMA = YES;
				CLANG_WARN_CONSTANT_CONVERSION = YES;
				CLANG_WARN_DEPRECATED_OBJC_IMPLEMENTATIONS = YES;
				CLANG_WARN_DIRECT_OBJC_ISA_USAGE = YES_ERROR;
				CLANG_WARN_DOCUMENTATION_COMMENTS = YES;
				CLANG_WARN_EMPTY_BODY = YES;
				CLANG_WARN_ENUM_CONVERSION = YES;
				CLANG_WARN_INFINITE_RECURSION = YES;
				CLANG_WARN_INT_CONVERSION = YES;
				CLANG_WARN_NON_LITERAL_NULL_CONVERSION = YES;
				CLANG_WARN_OBJC_IMPLICIT_RETAIN_SELF = YES;
				CLANG_WARN_OBJC_LITERAL_CONVERSION = YES;
				CLANG_WARN_OBJC_ROOT_CLASS = YES_ERROR;
				CLANG_WARN_QUOTED_INCLUDE_IN_FRAMEWORK_HEADER = YES;
				CLANG_WARN_RANGE_LOOP_ANALYSIS = YES;
				CLANG_WARN_STRICT_PROTOTYPES = YES;
				CLANG_WARN_SUSPICIOUS_MOVE = YES;
				CLANG_WARN_UNGUARDED_AVAILABILITY = YES_AGGRESSIVE;
				CLANG_WARN_UNREACHABLE_CODE = YES;
				CLANG_WARN__DUPLICATE_METHOD_MATCH = YES;
				COPY_PHASE_STRIP = NO;
				DEBUG_INFORMATION_FORMAT = dwarf;
				ENABLE_STRICT_OBJC_MSGSEND = YES;
				ENABLE_TESTABILITY = YES;
				ENABLE_USER_SCRIPT_SANDBOXING = YES;
				GCC_C_LANGUAGE_STANDARD = gnu17;
				GCC_DYNAMIC_NO_PIC = NO;
				GCC_NO_COMMON_BLOCKS = YES;
				GCC_OPTIMIZATION_LEVEL = 0;
				GCC_PREPROCESSOR_DEFINITIONS = (
					"DEBUG=1",
					"$(inherited)",
				);
				GCC_WARN_64_TO_32_BIT_CONVERSION = YES;
				GCC_WARN_ABOUT_RETURN_TYPE = YES_ERROR;
				GCC_WARN_UNDECLARED_SELECTOR = YES;
				GCC_WARN_UNINITIALIZED_AUTOS = YES_AGGRESSIVE;
				GCC_WARN_UNUSED_FUNCTION = YES;
				GCC_WARN_UNUSED_VARIABLE = YES;
				IPHONEOS_DEPLOYMENT_TARGET = 17.2;
				LOCALIZATION_PREFERS_STRING_CATALOGS = YES;
				MTL_ENABLE_DEBUG_INFO = INCLUDE_SOURCE;
				MTL_FAST_MATH = YES;
				ONLY_ACTIVE_ARCH = YES;
				SDKROOT = iphoneos;
				SWIFT_ACTIVE_COMPILATION_CONDITIONS = "DEBUG $(inherited)";
				SWIFT_OPTIMIZATION_LEVEL = "-Onone";
			};
			name = Debug;
		};
		D460B9EC2B325A4E0002BFA4 /* Release */ = {
			isa = XCBuildConfiguration;
			buildSettings = {
				ALWAYS_SEARCH_USER_PATHS = NO;
				ASSETCATALOG_COMPILER_GENERATE_SWIFT_ASSET_SYMBOL_EXTENSIONS = YES;
				CLANG_ANALYZER_NONNULL = YES;
				CLANG_ANALYZER_NUMBER_OBJECT_CONVERSION = YES_AGGRESSIVE;
				CLANG_CXX_LANGUAGE_STANDARD = "gnu++20";
				CLANG_ENABLE_MODULES = YES;
				CLANG_ENABLE_OBJC_ARC = YES;
				CLANG_ENABLE_OBJC_WEAK = YES;
				CLANG_WARN_BLOCK_CAPTURE_AUTORELEASING = YES;
				CLANG_WARN_BOOL_CONVERSION = YES;
				CLANG_WARN_COMMA = YES;
				CLANG_WARN_CONSTANT_CONVERSION = YES;
				CLANG_WARN_DEPRECATED_OBJC_IMPLEMENTATIONS = YES;
				CLANG_WARN_DIRECT_OBJC_ISA_USAGE = YES_ERROR;
				CLANG_WARN_DOCUMENTATION_COMMENTS = YES;
				CLANG_WARN_EMPTY_BODY = YES;
				CLANG_WARN_ENUM_CONVERSION = YES;
				CLANG_WARN_INFINITE_RECURSION = YES;
				CLANG_WARN_INT_CONVERSION = YES;
				CLANG_WARN_NON_LITERAL_NULL_CONVERSION = YES;
				CLANG_WARN_OBJC_IMPLICIT_RETAIN_SELF = YES;
				CLANG_WARN_OBJC_LITERAL_CONVERSION = YES;
				CLANG_WARN_OBJC_ROOT_CLASS = YES_ERROR;
				CLANG_WARN_QUOTED_INCLUDE_IN_FRAMEWORK_HEADER = YES;
				CLANG_WARN_RANGE_LOOP_ANALYSIS = YES;
				CLANG_WARN_STRICT_PROTOTYPES = YES;
				CLANG_WARN_SUSPICIOUS_MOVE = YES;
				CLANG_WARN_UNGUARDED_AVAILABILITY = YES_AGGRESSIVE;
				CLANG_WARN_UNREACHABLE_CODE = YES;
				CLANG_WARN__DUPLICATE_METHOD_MATCH = YES;
				COPY_PHASE_STRIP = NO;
				DEBUG_INFORMATION_FORMAT = "dwarf-with-dsym";
				ENABLE_NS_ASSERTIONS = NO;
				ENABLE_STRICT_OBJC_MSGSEND = YES;
				ENABLE_USER_SCRIPT_SANDBOXING = YES;
				GCC_C_LANGUAGE_STANDARD = gnu17;
				GCC_NO_COMMON_BLOCKS = YES;
				GCC_WARN_64_TO_32_BIT_CONVERSION = YES;
				GCC_WARN_ABOUT_RETURN_TYPE = YES_ERROR;
				GCC_WARN_UNDECLARED_SELECTOR = YES;
				GCC_WARN_UNINITIALIZED_AUTOS = YES_AGGRESSIVE;
				GCC_WARN_UNUSED_FUNCTION = YES;
				GCC_WARN_UNUSED_VARIABLE = YES;
				IPHONEOS_DEPLOYMENT_TARGET = 17.2;
				LOCALIZATION_PREFERS_STRING_CATALOGS = YES;
				MTL_ENABLE_DEBUG_INFO = NO;
				MTL_FAST_MATH = YES;
				SDKROOT = iphoneos;
				SWIFT_COMPILATION_MODE = wholemodule;
				VALIDATE_PRODUCT = YES;
			};
			name = Release;
		};
		D460B9EE2B325A4E0002BFA4 /* Debug */ = {
			isa = XCBuildConfiguration;
			buildSettings = {
				ASSETCATALOG_COMPILER_APPICON_NAME = AppIcon;
				ASSETCATALOG_COMPILER_GLOBAL_ACCENT_COLOR_NAME = AccentColor;
				CODE_SIGN_STYLE = Automatic;
				CURRENT_PROJECT_VERSION = 1;
				DEVELOPMENT_ASSET_PATHS = "\"LittleLemonFinal/Preview Content\"";
				DEVELOPMENT_TEAM = X447KR2VKU;
				ENABLE_PREVIEWS = YES;
				GENERATE_INFOPLIST_FILE = YES;
				INFOPLIST_KEY_UIApplicationSceneManifest_Generation = YES;
				INFOPLIST_KEY_UIApplicationSupportsIndirectInputEvents = YES;
				INFOPLIST_KEY_UILaunchScreen_Generation = YES;
				INFOPLIST_KEY_UISupportedInterfaceOrientations_iPad = "UIInterfaceOrientationPortrait UIInterfaceOrientationPortraitUpsideDown UIInterfaceOrientationLandscapeLeft UIInterfaceOrientationLandscapeRight";
				INFOPLIST_KEY_UISupportedInterfaceOrientations_iPhone = "UIInterfaceOrientationPortrait UIInterfaceOrientationLandscapeLeft UIInterfaceOrientationLandscapeRight";
				LD_RUNPATH_SEARCH_PATHS = (
					"$(inherited)",
					"@executable_path/Frameworks",
				);
				MARKETING_VERSION = 1.0;
				PRODUCT_BUNDLE_IDENTIFIER = "com.philipgrabenhorst.little-lemon.LittleLemonFinal";
				PRODUCT_NAME = "$(TARGET_NAME)";
				SWIFT_EMIT_LOC_STRINGS = YES;
				SWIFT_VERSION = 5.0;
				TARGETED_DEVICE_FAMILY = "1,2";
			};
			name = Debug;
		};
		D460B9EF2B325A4E0002BFA4 /* Release */ = {
			isa = XCBuildConfiguration;
			buildSettings = {
				ASSETCATALOG_COMPILER_APPICON_NAME = AppIcon;
				ASSETCATALOG_COMPILER_GLOBAL_ACCENT_COLOR_NAME = AccentColor;
				CODE_SIGN_STYLE = Automatic;
				CURRENT_PROJECT_VERSION = 1;
				DEVELOPMENT_ASSET_PATHS = "\"LittleLemonFinal/Preview Content\"";
				DEVELOPMENT_TEAM = X447KR2VKU;
				ENABLE_PREVIEWS = YES;
				GENERATE_INFOPLIST_FILE = YES;
				INFOPLIST_KEY_UIApplicationSceneManifest_Generation = YES;
				INFOPLIST_KEY_UIApplicationSupportsIndirectInputEvents = YES;
				INFOPLIST_KEY_UILaunchScreen_Generation = YES;
				INFOPLIST_KEY_UISupportedInterfaceOrientations_iPad = "UIInterfaceOrientationPortrait UIInterfaceOrientationPortraitUpsideDown UIInterfaceOrientationLandscapeLeft UIInterfaceOrientationLandscapeRight";
				INFOPLIST_KEY_UISupportedInterfaceOrientations_iPhone = "UIInterfaceOrientationPortrait UIInterfaceOrientationLandscapeLeft UIInterfaceOrientationLandscapeRight";
				LD_RUNPATH_SEARCH_PATHS = (
					"$(inherited)",
					"@executable_path/Frameworks",
				);
				MARKETING_VERSION = 1.0;
				PRODUCT_BUNDLE_IDENTIFIER = "com.philipgrabenhorst.little-lemon.LittleLemonFinal";
				PRODUCT_NAME = "$(TARGET_NAME)";
				SWIFT_EMIT_LOC_STRINGS = YES;
				SWIFT_VERSION = 5.0;
				TARGETED_DEVICE_FAMILY = "1,2";
			};
			name = Release;
		};
/* End XCBuildConfiguration section */

/* Begin XCConfigurationList section */
		D460B9D52B325A4C0002BFA4 /* Build configuration list for PBXProject "LittleLemonFinal" */ = {
			isa = XCConfigurationList;
			buildConfigurations = (
				D460B9EB2B325A4E0002BFA4 /* Debug */,
				D460B9EC2B325A4E0002BFA4 /* Release */,
			);
			defaultConfigurationIsVisible = 0;
			defaultConfigurationName = Release;
		};
		D460B9ED2B325A4E0002BFA4 /* Build configuration list for PBXNativeTarget "LittleLemonFinal" */ = {
			isa = XCConfigurationList;
			buildConfigurations = (
				D460B9EE2B325A4E0002BFA4 /* Debug */,
				D460B9EF2B325A4E0002BFA4 /* Release */,
			);
			defaultConfigurationIsVisible = 0;
			defaultConfigurationName = Release;
		};
/* End XCConfigurationList section */

/* Begin XCVersionGroup section */
		D460B9E82B325A4E0002BFA4 /* LittleLemonFinal.xcdatamodeld */ = {
			isa = XCVersionGroup;
			children = (
				D460B9E92B325A4E0002BFA4 /* LittleLemonFinal.xcdatamodel */,
			);
			currentVersion = D460B9E92B325A4E0002BFA4 /* LittleLemonFinal.xcdatamodel */;
			path = LittleLemonFinal.xcdatamodeld;
			sourceTree = "<group>";
			versionGroupType = wrapper.xcdatamodel;
		};
/* End XCVersionGroup section */
	};
	rootObject = D460B9D22B325A4C0002BFA4 /* Project object */;
}
